
Microsoft Visual Studio Solution File, Format Version 12.00
# Visual Studio Version 16
VisualStudioVersion = 16.0.30523.141
MinimumVisualStudioVersion = 10.0.40219.1
Project("{FAE04EC0-301F-11D3-BF4B-00C04F79EFBC}") = "Moldovan_Sonia_Lab6", "Moldovan_Sonia_Lab6\Moldovan_Sonia_Lab6.csproj", "{605F2C49-6E9B-4F66-9DD0-5FC5102D3714}"
EndProject
Project("{FAE04EC0-301F-11D3-BF4B-00C04F79EFBC}") = "AutoLotModel", "AutoLotModel\AutoLotModel.csproj", "{13D34993-2974-4A16-AC8B-736FCBEA829B}"
EndProject
Global
	GlobalSection(SolutionConfigurationPlatforms) = preSolution
		Debug|Any CPU = Debug|Any CPU
		Release|Any CPU = Release|Any CPU
	EndGlobalSection
	GlobalSection(ProjectConfigurationPlatforms) = postSolution
		{605F2C49-6E9B-4F66-9DD0-5FC5102D3714}.Debug|Any CPU.ActiveCfg = Debug|Any CPU
		{605F2C49-6E9B-4F66-9DD0-5FC5102D3714}.Debug|Any CPU.Build.0 = Debug|Any CPU
		{605F2C49-6E9B-4F66-9DD0-5FC5102D3714}.Release|Any CPU.ActiveCfg = Release|Any CPU
		{605F2C49-6E9B-4F66-9DD0-5FC5102D3714}.Release|Any CPU.Build.0 = Release|Any CPU
		{13D34993-2974-4A16-AC8B-736FCBEA829B}.Debug|Any CPU.ActiveCfg = Debug|Any CPU
		{13D34993-2974-4A16-AC8B-736FCBEA829B}.Debug|Any CPU.Build.0 = Debug|Any CPU
		{13D34993-2974-4A16-AC8B-736FCBEA829B}.Release|Any CPU.ActiveCfg = Release|Any CPU
		{13D34993-2974-4A16-AC8B-736FCBEA829B}.Release|Any CPU.Build.0 = Release|Any CPU
	EndGlobalSection
	GlobalSection(SolutionProperties) = preSolution
		HideSolutionNode = FALSE
	EndGlobalSection
	GlobalSection(ExtensibilityGlobals) = postSolution
		SolutionGuid = {E6D48C48-F72E-4990-929E-84B7BD9840E9}
	EndGlobalSection
EndGlobal
